
Microsoft Visual Studio Solution File, Format Version 11.00
# Visual Studio 2010
Project("{8BC9CEB8-8B4A-11D0-8D11-00A0C91BC942}") = "mao_offlineimagestitch_verify", "mao_offlineimagestitch_verify\mao_offlineimagestitch_verify.vcxproj", "{CDA340A7-9B6B-4EFD-81F5-7CA4AC06503F}"
EndProject
Global
	GlobalSection(SolutionConfigurationPlatforms) = preSolution
		Debug|Win32 = Debug|Win32
		Release|Win32 = Release|Win32
	EndGlobalSection
	GlobalSection(ProjectConfigurationPlatforms) = postSolution
		{CDA340A7-9B6B-4EFD-81F5-7CA4AC06503F}.Debug|Win32.ActiveCfg = Debug|Win32
		{CDA340A7-9B6B-4EFD-81F5-7CA4AC06503F}.Debug|Win32.Build.0 = Debug|Win32
		{CDA340A7-9B6B-4EFD-81F5-7CA4AC06503F}.Release|Win32.ActiveCfg = Release|Win32
		{CDA340A7-9B6B-4EFD-81F5-7CA4AC06503F}.Release|Win32.Build.0 = Release|Win32
	EndGlobalSection
	GlobalSection(SolutionProperties) = preSolution
		HideSolutionNode = FALSE
	EndGlobalSection
EndGlobal
